
Microsoft Visual Studio Solution File, Format Version 12.00
# Visual Studio Version 16
VisualStudioVersion = 16.0.32802.440
MinimumVisualStudioVersion = 10.0.40219.1
Project("{FAE04EC0-301F-11D3-BF4B-00C04F79EFBC}") = "CRMData23", "CRMData23.csproj", "{3BBBCB61-06C6-4030-B400-0205BB02C483}"
EndProject
Global
	GlobalSection(SolutionConfigurationPlatforms) = preSolution
		Debug|Any CPU = Debug|Any CPU
		Release|Any CPU = Release|Any CPU
	EndGlobalSection
	GlobalSection(ProjectConfigurationPlatforms) = postSolution
		{3BBBCB61-06C6-4030-B400-0205BB02C483}.Debug|Any CPU.ActiveCfg = Debug|Any CPU
		{3BBBCB61-06C6-4030-B400-0205BB02C483}.Debug|Any CPU.Build.0 = Debug|Any CPU
		{3BBBCB61-06C6-4030-B400-0205BB02C483}.Release|Any CPU.ActiveCfg = Release|Any CPU
		{3BBBCB61-06C6-4030-B400-0205BB02C483}.Release|Any CPU.Build.0 = Release|Any CPU
	EndGlobalSection
	GlobalSection(SolutionProperties) = preSolution
		HideSolutionNode = FALSE
	EndGlobalSection
	GlobalSection(ExtensibilityGlobals) = postSolution
		SolutionGuid = {04A45985-F913-4A02-92A2-BE5E6383ACA6}
	EndGlobalSection
EndGlobal
